
Microsoft Visual Studio Solution File, Format Version 12.00
# Visual Studio Version 16
VisualStudioVersion = 16.0.29503.13
MinimumVisualStudioVersion = 10.0.40219.1
Project("{FAE04EC0-301F-11D3-BF4B-00C04F79EFBC}") = "LearnBlazzor", "LearnBlazzor\LearnBlazzor.csproj", "{53F6EB27-8824-4F01-A081-4CD079D7BDD9}"
EndProject
Global
	GlobalSection(SolutionConfigurationPlatforms) = preSolution
		Debug|Any CPU = Debug|Any CPU
		Release|Any CPU = Release|Any CPU
	EndGlobalSection
	GlobalSection(ProjectConfigurationPlatforms) = postSolution
		{53F6EB27-8824-4F01-A081-4CD079D7BDD9}.Debug|Any CPU.ActiveCfg = Debug|Any CPU
		{53F6EB27-8824-4F01-A081-4CD079D7BDD9}.Debug|Any CPU.Build.0 = Debug|Any CPU
		{53F6EB27-8824-4F01-A081-4CD079D7BDD9}.Release|Any CPU.ActiveCfg = Release|Any CPU
		{53F6EB27-8824-4F01-A081-4CD079D7BDD9}.Release|Any CPU.Build.0 = Release|Any CPU
	EndGlobalSection
	GlobalSection(SolutionProperties) = preSolution
		HideSolutionNode = FALSE
	EndGlobalSection
	GlobalSection(ExtensibilityGlobals) = postSolution
		SolutionGuid = {D4302342-8AD3-460D-887F-92E488FCEE75}
	EndGlobalSection
EndGlobal
